PODS:
  - BlocksKit (1.8.2):
    - libffi
  - Facebook-iOS-SDK (3.2.1)
  - libffi (3.0.13)
  - LUKeychainAccess (1.0.1)
  - SHOmniAuth (0.2.1):
    - LUKeychainAccess
  - SHOmniAuthFacebook (0.2.0):
    - Facebook-iOS-SDK (~> 3.2.1)
    - SHOmniAuth (~> 0.2.0)

DEPENDENCIES:
  - BlocksKit
  - SHOmniAuthFacebook (from `../`)

EXTERNAL SOURCES:
  SHOmniAuthFacebook:
    :path: ../

SPEC CHECKSUMS:
  BlocksKit: 7396526b0816734103f6133fbb1a520c8b04e80c
  Facebook-iOS-SDK: 514dc0d7d43358999267c88c088e4b5b339b7da1
  libffi: d9cf374b6b464c3ea53b13219536fad3bfb06e84
  LUKeychainAccess: 6ba22b2e1eec24f9f2fc9c6a9087d5524a58b1a2
  SHOmniAuth: 7274fc4ffa0fbc371e70b668247294a3616a8bfd
  SHOmniAuthFacebook: ba20d83cf2929c7bc6043e11f3e44dedc717c5f3

COCOAPODS: 0.20.2
